
Microsoft Visual Studio Solution File, Format Version 12.00
# Visual Studio Version 17
VisualStudioVersion = 17.5.33414.496
MinimumVisualStudioVersion = 10.0.40219.1
Project("{FAE04EC0-301F-11D3-BF4B-00C04F79EFBC}") = "ConsoleApp6", "ConsoleApp6\ConsoleApp6.csproj", "{417C06CB-D3F2-42F5-9255-94BD30AFED4F}"
EndProject
Global
	GlobalSection(SolutionConfigurationPlatforms) = preSolution
		Debug|Any CPU = Debug|Any CPU
		Release|Any CPU = Release|Any CPU
	EndGlobalSection
	GlobalSection(ProjectConfigurationPlatforms) = postSolution
		{417C06CB-D3F2-42F5-9255-94BD30AFED4F}.Debug|Any CPU.ActiveCfg = Debug|Any CPU
		{417C06CB-D3F2-42F5-9255-94BD30AFED4F}.Debug|Any CPU.Build.0 = Debug|Any CPU
		{417C06CB-D3F2-42F5-9255-94BD30AFED4F}.Release|Any CPU.ActiveCfg = Release|Any CPU
		{417C06CB-D3F2-42F5-9255-94BD30AFED4F}.Release|Any CPU.Build.0 = Release|Any CPU
	EndGlobalSection
	GlobalSection(SolutionProperties) = preSolution
		HideSolutionNode = FALSE
	EndGlobalSection
	GlobalSection(ExtensibilityGlobals) = postSolution
		SolutionGuid = {A9593250-DFF0-4DD9-B554-FB906D215EF9}
	EndGlobalSection
EndGlobal
